
Microsoft Visual Studio Solution File, Format Version 12.00
# Visual Studio Version 17
VisualStudioVersion = 17.0.31903.59
MinimumVisualStudioVersion = 10.0.40219.1
Project("{FAE04EC0-301F-11D3-BF4B-00C04F79EFBC}") = "HelloWorld", "00_HelloWorld\HelloWorld.csproj", "{8EDCC8D2-578B-4171-A02E-B7559B9639F0}"
EndProject
Project("{FAE04EC0-301F-11D3-BF4B-00C04F79EFBC}") = "Variable", "01_Variables\Variable.csproj", "{EAC9439B-A7E8-4F5D-B6B6-3E12B4A4D8B1}"
EndProject
Project("{FAE04EC0-301F-11D3-BF4B-00C04F79EFBC}") = "BasicTypes", "02_Types\BasicTypes.csproj", "{905AD955-4336-4315-8D15-F65D3D8A9DC1}"
EndProject
Project("{FAE04EC0-301F-11D3-BF4B-00C04F79EFBC}") = "Operators", "03_Operators\Operators.csproj", "{DF806810-713B-4A8D-9851-1BB549B8FC4D}"
EndProject
Project("{FAE04EC0-301F-11D3-BF4B-00C04F79EFBC}") = "Strings", "04_Strings\Strings.csproj", "{E914FE47-5A60-47A8-B57B-8336F462463B}"
EndProject
Project("{FAE04EC0-301F-11D3-BF4B-00C04F79EFBC}") = "Booleans", "05_Boolean\Booleans.csproj", "{6A60801D-1DA0-4E08-B0C5-319ACAC19D02}"
EndProject
Project("{FAE04EC0-301F-11D3-BF4B-00C04F79EFBC}") = "challenge2", "challenges\challenge2.csproj", "{5084EA25-8141-4AD8-B48D-A2E0B092EDF8}"
EndProject
Project("{2150E333-8FDC-42A3-9474-1A3956D46DE8}") = "06_Conditionals", "06_Conditionals", "{18AFE349-93D2-4C54-B529-64B174CF80BB}"
EndProject
Project("{FAE04EC0-301F-11D3-BF4B-00C04F79EFBC}") = "ifStatements", "06_Conditionals\IfStatements\ifStatements.csproj", "{EBE55C2A-1B3C-489A-BF31-8A7434671900}"
EndProject
Project("{FAE04EC0-301F-11D3-BF4B-00C04F79EFBC}") = "Ternaries", "06_Conditionals\Ternaries\Ternaries.csproj", "{06A51AAC-1C4F-4539-ABD5-5D11AF2B7EF9}"
EndProject
Project("{FAE04EC0-301F-11D3-BF4B-00C04F79EFBC}") = "Switches", "06_Conditionals\Switches\Switches.csproj", "{A98FD422-EB1F-4275-805E-EE08E5AC1CA0}"
EndProject
Project("{2150E333-8FDC-42A3-9474-1A3956D46DE8}") = "07_Loops", "07_Loops", "{6F312C5D-3368-40F2-BB81-8EAC14C28AAE}"
EndProject
Project("{FAE04EC0-301F-11D3-BF4B-00C04F79EFBC}") = "ForLoops", "07_Loops\For\ForLoops.csproj", "{7D6EDD8F-7BCA-4B45-927F-848A35A0FDB7}"
EndProject
Project("{FAE04EC0-301F-11D3-BF4B-00C04F79EFBC}") = "WhileLoops", "07_Loops\While\WhileLoops.csproj", "{9BCFF004-F790-449F-A087-7A38039CAAF7}"
EndProject
Project("{FAE04EC0-301F-11D3-BF4B-00C04F79EFBC}") = "ForeachLoops", "07_Loops\Foreach\ForeachLoops.csproj", "{8AF83197-9051-4D4A-8635-80B7FB671D97}"
EndProject
Project("{FAE04EC0-301F-11D3-BF4B-00C04F79EFBC}") = "Classes", "08_Classes\Classes.csproj", "{60FA9BFA-4875-43FF-885C-322B25DED51E}"
EndProject
Project("{FAE04EC0-301F-11D3-BF4B-00C04F79EFBC}") = "Drosnaf", "Drosnaf\Drosnaf.csproj", "{3D4A3E80-3469-40CA-A008-5D8D1AE97DDF}"
EndProject
Global
	GlobalSection(SolutionConfigurationPlatforms) = preSolution
		Debug|Any CPU = Debug|Any CPU
		Release|Any CPU = Release|Any CPU
	EndGlobalSection
	GlobalSection(SolutionProperties) = preSolution
		HideSolutionNode = FALSE
	EndGlobalSection
	GlobalSection(ProjectConfigurationPlatforms) = postSolution
		{8EDCC8D2-578B-4171-A02E-B7559B9639F0}.Debug|Any CPU.ActiveCfg = Debug|Any CPU
		{8EDCC8D2-578B-4171-A02E-B7559B9639F0}.Debug|Any CPU.Build.0 = Debug|Any CPU
		{8EDCC8D2-578B-4171-A02E-B7559B9639F0}.Release|Any CPU.ActiveCfg = Release|Any CPU
		{8EDCC8D2-578B-4171-A02E-B7559B9639F0}.Release|Any CPU.Build.0 = Release|Any CPU
		{EAC9439B-A7E8-4F5D-B6B6-3E12B4A4D8B1}.Debug|Any CPU.ActiveCfg = Debug|Any CPU
		{EAC9439B-A7E8-4F5D-B6B6-3E12B4A4D8B1}.Debug|Any CPU.Build.0 = Debug|Any CPU
		{EAC9439B-A7E8-4F5D-B6B6-3E12B4A4D8B1}.Release|Any CPU.ActiveCfg = Release|Any CPU
		{EAC9439B-A7E8-4F5D-B6B6-3E12B4A4D8B1}.Release|Any CPU.Build.0 = Release|Any CPU
		{905AD955-4336-4315-8D15-F65D3D8A9DC1}.Debug|Any CPU.ActiveCfg = Debug|Any CPU
		{905AD955-4336-4315-8D15-F65D3D8A9DC1}.Debug|Any CPU.Build.0 = Debug|Any CPU
		{905AD955-4336-4315-8D15-F65D3D8A9DC1}.Release|Any CPU.ActiveCfg = Release|Any CPU
		{905AD955-4336-4315-8D15-F65D3D8A9DC1}.Release|Any CPU.Build.0 = Release|Any CPU
		{DF806810-713B-4A8D-9851-1BB549B8FC4D}.Debug|Any CPU.ActiveCfg = Debug|Any CPU
		{DF806810-713B-4A8D-9851-1BB549B8FC4D}.Debug|Any CPU.Build.0 = Debug|Any CPU
		{DF806810-713B-4A8D-9851-1BB549B8FC4D}.Release|Any CPU.ActiveCfg = Release|Any CPU
		{DF806810-713B-4A8D-9851-1BB549B8FC4D}.Release|Any CPU.Build.0 = Release|Any CPU
		{E914FE47-5A60-47A8-B57B-8336F462463B}.Debug|Any CPU.ActiveCfg = Debug|Any CPU
		{E914FE47-5A60-47A8-B57B-8336F462463B}.Debug|Any CPU.Build.0 = Debug|Any CPU
		{E914FE47-5A60-47A8-B57B-8336F462463B}.Release|Any CPU.ActiveCfg = Release|Any CPU
		{E914FE47-5A60-47A8-B57B-8336F462463B}.Release|Any CPU.Build.0 = Release|Any CPU
		{6A60801D-1DA0-4E08-B0C5-319ACAC19D02}.Debug|Any CPU.ActiveCfg = Debug|Any CPU
		{6A60801D-1DA0-4E08-B0C5-319ACAC19D02}.Debug|Any CPU.Build.0 = Debug|Any CPU
		{6A60801D-1DA0-4E08-B0C5-319ACAC19D02}.Release|Any CPU.ActiveCfg = Release|Any CPU
		{6A60801D-1DA0-4E08-B0C5-319ACAC19D02}.Release|Any CPU.Build.0 = Release|Any CPU
		{5084EA25-8141-4AD8-B48D-A2E0B092EDF8}.Debug|Any CPU.ActiveCfg = Debug|Any CPU
		{5084EA25-8141-4AD8-B48D-A2E0B092EDF8}.Debug|Any CPU.Build.0 = Debug|Any CPU
		{5084EA25-8141-4AD8-B48D-A2E0B092EDF8}.Release|Any CPU.ActiveCfg = Release|Any CPU
		{5084EA25-8141-4AD8-B48D-A2E0B092EDF8}.Release|Any CPU.Build.0 = Release|Any CPU
		{EBE55C2A-1B3C-489A-BF31-8A7434671900}.Debug|Any CPU.ActiveCfg = Debug|Any CPU
		{EBE55C2A-1B3C-489A-BF31-8A7434671900}.Debug|Any CPU.Build.0 = Debug|Any CPU
		{EBE55C2A-1B3C-489A-BF31-8A7434671900}.Release|Any CPU.ActiveCfg = Release|Any CPU
		{EBE55C2A-1B3C-489A-BF31-8A7434671900}.Release|Any CPU.Build.0 = Release|Any CPU
		{06A51AAC-1C4F-4539-ABD5-5D11AF2B7EF9}.Debug|Any CPU.ActiveCfg = Debug|Any CPU
		{06A51AAC-1C4F-4539-ABD5-5D11AF2B7EF9}.Debug|Any CPU.Build.0 = Debug|Any CPU
		{06A51AAC-1C4F-4539-ABD5-5D11AF2B7EF9}.Release|Any CPU.ActiveCfg = Release|Any CPU
		{06A51AAC-1C4F-4539-ABD5-5D11AF2B7EF9}.Release|Any CPU.Build.0 = Release|Any CPU
		{A98FD422-EB1F-4275-805E-EE08E5AC1CA0}.Debug|Any CPU.ActiveCfg = Debug|Any CPU
		{A98FD422-EB1F-4275-805E-EE08E5AC1CA0}.Debug|Any CPU.Build.0 = Debug|Any CPU
		{A98FD422-EB1F-4275-805E-EE08E5AC1CA0}.Release|Any CPU.ActiveCfg = Release|Any CPU
		{A98FD422-EB1F-4275-805E-EE08E5AC1CA0}.Release|Any CPU.Build.0 = Release|Any CPU
		{7D6EDD8F-7BCA-4B45-927F-848A35A0FDB7}.Debug|Any CPU.ActiveCfg = Debug|Any CPU
		{7D6EDD8F-7BCA-4B45-927F-848A35A0FDB7}.Debug|Any CPU.Build.0 = Debug|Any CPU
		{7D6EDD8F-7BCA-4B45-927F-848A35A0FDB7}.Release|Any CPU.ActiveCfg = Release|Any CPU
		{7D6EDD8F-7BCA-4B45-927F-848A35A0FDB7}.Release|Any CPU.Build.0 = Release|Any CPU
		{9BCFF004-F790-449F-A087-7A38039CAAF7}.Debug|Any CPU.ActiveCfg = Debug|Any CPU
		{9BCFF004-F790-449F-A087-7A38039CAAF7}.Debug|Any CPU.Build.0 = Debug|Any CPU
		{9BCFF004-F790-449F-A087-7A38039CAAF7}.Release|Any CPU.ActiveCfg = Release|Any CPU
		{9BCFF004-F790-449F-A087-7A38039CAAF7}.Release|Any CPU.Build.0 = Release|Any CPU
		{8AF83197-9051-4D4A-8635-80B7FB671D97}.Debug|Any CPU.ActiveCfg = Debug|Any CPU
		{8AF83197-9051-4D4A-8635-80B7FB671D97}.Debug|Any CPU.Build.0 = Debug|Any CPU
		{8AF83197-9051-4D4A-8635-80B7FB671D97}.Release|Any CPU.ActiveCfg = Release|Any CPU
		{8AF83197-9051-4D4A-8635-80B7FB671D97}.Release|Any CPU.Build.0 = Release|Any CPU
		{60FA9BFA-4875-43FF-885C-322B25DED51E}.Debug|Any CPU.ActiveCfg = Debug|Any CPU
		{60FA9BFA-4875-43FF-885C-322B25DED51E}.Debug|Any CPU.Build.0 = Debug|Any CPU
		{60FA9BFA-4875-43FF-885C-322B25DED51E}.Release|Any CPU.ActiveCfg = Release|Any CPU
		{60FA9BFA-4875-43FF-885C-322B25DED51E}.Release|Any CPU.Build.0 = Release|Any CPU
		{3D4A3E80-3469-40CA-A008-5D8D1AE97DDF}.Debug|Any CPU.ActiveCfg = Debug|Any CPU
		{3D4A3E80-3469-40CA-A008-5D8D1AE97DDF}.Debug|Any CPU.Build.0 = Debug|Any CPU
		{3D4A3E80-3469-40CA-A008-5D8D1AE97DDF}.Release|Any CPU.ActiveCfg = Release|Any CPU
		{3D4A3E80-3469-40CA-A008-5D8D1AE97DDF}.Release|Any CPU.Build.0 = Release|Any CPU
	EndGlobalSection
	GlobalSection(NestedProjects) = preSolution
		{EBE55C2A-1B3C-489A-BF31-8A7434671900} = {18AFE349-93D2-4C54-B529-64B174CF80BB}
		{06A51AAC-1C4F-4539-ABD5-5D11AF2B7EF9} = {18AFE349-93D2-4C54-B529-64B174CF80BB}
		{A98FD422-EB1F-4275-805E-EE08E5AC1CA0} = {18AFE349-93D2-4C54-B529-64B174CF80BB}
		{7D6EDD8F-7BCA-4B45-927F-848A35A0FDB7} = {6F312C5D-3368-40F2-BB81-8EAC14C28AAE}
		{9BCFF004-F790-449F-A087-7A38039CAAF7} = {6F312C5D-3368-40F2-BB81-8EAC14C28AAE}
		{8AF83197-9051-4D4A-8635-80B7FB671D97} = {6F312C5D-3368-40F2-BB81-8EAC14C28AAE}
	EndGlobalSection
EndGlobal
